{
  "name": "scrambles",
  "version": "0.0.1",
  "lockfileVersion": 1,
  "requires": true,
  "dependencies": {
    "@types/resize-observer-browser": {
      "version": "0.1.3",
      "resolved": "https://registry.npmjs.org/@types/resize-observer-browser/-/resize-observer-browser-0.1.3.tgz",
      "integrity": "sha512-3tGjLIDH8L57fWOfC7NVn/BbGQD7pXwbkk2+8Z4hK/S7kOIv1MUN4nkKjfx0qg4ctkukjzp3Bgr/Z+Hq5ZQZTQ=="
    },
    "@types/three": {
      "version": "0.103.2",
      "resolved": "https://registry.npmjs.org/@types/three/-/three-0.103.2.tgz",
      "integrity": "sha512-zhtf0Qs5wLJpIn1+VWCpzSgpKayj/GSWZ6woiuz09FW59KEDeLpnBkYz6lbblVpRmGdlnG8nd0unaASshOvcXw==",
      "requires": {
        "three": "*"
      }
    },
    "@types/web-bluetooth": {
      "version": "0.0.4",
      "resolved": "https://registry.npmjs.org/@types/web-bluetooth/-/web-bluetooth-0.0.4.tgz",
      "integrity": "sha512-C+BgVBBGY9c6ixcc5PsKAmGaCy3bswZ5zx/AWIAik9dgFuBkFsXBA3ze69jJi05xdZQ99QkfBSVIX6zl+6Tmww=="
    },
    "alg": {
      "version": "0.9.23",
      "resolved": "https://registry.npmjs.org/alg/-/alg-0.9.23.tgz",
      "integrity": "sha512-z0+gYXN19Ne/YCjPumHQS3Im9zObr08K93jX8TOtQCsMaIYqN9XJqN8UsQVAVK7RU00+4NG5wy/VvyIK77Zq+g=="
    },
    "babel-polyfill": {
      "version": "6.26.0",
      "resolved": "https://registry.npmjs.org/babel-polyfill/-/babel-polyfill-6.26.0.tgz",
      "integrity": "sha1-N5k3q8Z9eJWXCtxiHyhM2WbPIVM=",
      "requires": {
        "babel-runtime": "^6.26.0",
        "core-js": "^2.5.0",
        "regenerator-runtime": "^0.10.5"
      }
    },
    "babel-runtime": {
      "version": "6.26.0",
      "resolved": "https://registry.npmjs.org/babel-runtime/-/babel-runtime-6.26.0.tgz",
      "integrity": "sha1-llxwWGaOgrVde/4E/yM3vItWR/4=",
      "requires": {
        "core-js": "^2.4.0",
        "regenerator-runtime": "^0.11.0"
      },
      "dependencies": {
        "regenerator-runtime": {
          "version": "0.11.1",
          "resolved": "https://registry.npmjs.org/regenerator-runtime/-/regenerator-runtime-0.11.1.tgz",
          "integrity": "sha512-MguG95oij0fC3QV3URf4V2SDYGJhJnJGqvIIgdECeODCT98wSWDAJ94SSuVpYQUoTcGUIL6L4yNB7j1DFFHSBg=="
        }
      }
    },
    "caniuse-lite": {
      "version": "1.0.30001035",
      "resolved": "https://registry.npmjs.org/caniuse-lite/-/caniuse-lite-1.0.30001035.tgz",
      "integrity": "sha512-C1ZxgkuA4/bUEdMbU5WrGY4+UhMFFiXrgNAfxiMIqWgFTWfv/xsZCS2xEHT2LMq7xAZfuAnu6mcqyDl0ZR6wLQ=="
    },
    "core-js": {
      "version": "2.6.11",
      "resolved": "https://registry.npmjs.org/core-js/-/core-js-2.6.11.tgz",
      "integrity": "sha512-5wjnpaT/3dV+XB4borEsnAYQchn00XSgTAWKDkEqv+K8KevjbzmofK6hfJ9TZIlpj2N0xQpazy7PiRQiWHqzWg=="
    },
    "cubing": {
      "version": "0.10.2",
      "resolved": "https://registry.npmjs.org/cubing/-/cubing-0.10.2.tgz",
      "integrity": "sha512-QeMNPIsM0iNvmTGGUp16ULSiF4bDSfBxma5E2Z2kSkXpU359yu1XYK4uV6Tpk9AK0zEQUny7UH4LXEy78n3evw==",
      "requires": {
        "@types/resize-observer-browser": "^0.1.3",
        "@types/three": "^0.103.2",
        "@types/web-bluetooth": "0.0.4",
        "babel-polyfill": "^6.26.0",
        "caniuse-lite": "^1.0.30001034",
        "three": "^0.111.0",
        "three-orbit-controls": "^82.1.0"
      }
    },
    "kpuzzle": {
      "version": "0.9.18",
      "resolved": "https://registry.npmjs.org/kpuzzle/-/kpuzzle-0.9.18.tgz",
      "integrity": "sha512-1BqMihQlLHjDA1uKxEwnOdoz2JS7fiRGJwLQ+JsWvKI5lhBdrPQ0VPThyVI71L6lH/9i74+eNWXtebknuOG8Vw==",
      "requires": {
        "alg": "^0.9.18"
      }
    },
    "min2phase": {
      "version": "0.0.1",
      "resolved": "https://registry.npmjs.org/min2phase/-/min2phase-0.0.1.tgz",
      "integrity": "sha512-5mwjDbnZRGvxmmEno8vmltmhCSIt4je2kLHCiq79nTnTb7Ar0j0RuYFpfKnnzk4zoyt2Jh5IQG5f35HXnPJtEQ==",
      "requires": {
        "alg": "^0.9.17",
        "kpuzzle": "^0.9.17"
      }
    },
    "random-uint-below": {
      "version": "0.5.0",
      "resolved": "https://registry.npmjs.org/random-uint-below/-/random-uint-below-0.5.0.tgz",
      "integrity": "sha512-Jimece3I4A2NuO6IwjfM1wGQ9BhzOhyVrLuNP9iG83oxZiLO1hGhcxSnOuIFqJUpDeKBgIhoM8UHT1bYdfeYtA=="
    },
    "regenerator-runtime": {
      "version": "0.10.5",
      "resolved": "https://registry.npmjs.org/regenerator-runtime/-/regenerator-runtime-0.10.5.tgz",
      "integrity": "sha1-M2w+/BIgrc7dosn6tntaeVWjNlg="
    },
    "three": {
      "version": "0.111.0",
      "resolved": "https://registry.npmjs.org/three/-/three-0.111.0.tgz",
      "integrity": "sha512-AcTqyGJ3H75AIusOuADy0LsP958QKQwm/YhABHFMzd6RFXPNVay1rlSbbG6WYv7KM72G2THMMwqbjQd4dVHMkQ=="
    },
    "three-orbit-controls": {
      "version": "82.1.0",
      "resolved": "https://registry.npmjs.org/three-orbit-controls/-/three-orbit-controls-82.1.0.tgz",
      "integrity": "sha1-EafzPQog7OyY8Jizd4D2U3N0+rQ="
    },
    "typescript": {
      "version": "3.8.3",
      "resolved": "https://registry.npmjs.org/typescript/-/typescript-3.8.3.tgz",
      "integrity": "sha512-MYlEfn5VrLNsgudQTVJeNaQFUAI7DkhnOjdpAp4T+ku1TfQClewlbSuTVHiA+8skNBgaf02TL/kLOvig4y3G8w==",
      "dev": true
    }
  }
}
